// !$*UTF8*$!
{
	archiveVersion = 1;
	classes = {
	};
	objectVersion = 50;
	objects = {

/* Begin PBXBuildFile section */
		C655CDE925078961002C552A /* AppDelegate.swift in Sources */ = {isa = PBXBuildFile; fileRef = C655CDE825078961002C552A /* AppDelegate.swift */; };
		C655CDEB25078961002C552A /* SceneDelegate.swift in Sources */ = {isa = PBXBuildFile; fileRef = C655CDEA25078961002C552A /* SceneDelegate.swift */; };
		C655CDED25078961002C552A /* ViewController.swift in Sources */ = {isa = PBXBuildFile; fileRef = C655CDEC25078961002C552A /* ViewController.swift */; };
		C655CDF025078961002C552A /* Main.storyboard in Resources */ = {isa = PBXBuildFile; fileRef = C655CDEE25078961002C552A /* Main.storyboard */; };
		C655CDF225078967002C552A /* Assets.xcassets in Resources */ = {isa = PBXBuildFile; fileRef = C655CDF125078967002C552A /* Assets.xcassets */; };
		C655CDF525078967002C552A /* LaunchScreen.storyboard in Resources */ = {isa = PBXBuildFile; fileRef = C655CDF325078967002C552A /* LaunchScreen.storyboard */; };
		C655CE0025078968002C552A /* AutoLayoutDemoTests.swift in Sources */ = {isa = PBXBuildFile; fileRef = C655CDFF25078968002C552A /* AutoLayoutDemoTests.swift */; };
		C655CE0B25078968002C552A /* AutoLayoutDemoUITests.swift in Sources */ = {isa = PBXBuildFile; fileRef = C655CE0A25078968002C552A /* AutoLayoutDemoUITests.swift */; };
/* End PBXBuildFile section */

/* Begin PBXContainerItemProxy section */
		C655CDFC25078968002C552A /* PBXContainerItemProxy */ = {
			isa = PBXContainerItemProxy;
			containerPortal = C655CDDD25078960002C552A /* Project object */;
			proxyType = 1;
			remoteGlobalIDString = C655CDE425078961002C552A;
			remoteInfo = AutoLayoutDemo;
		};
		C655CE0725078968002C552A /* PBXContainerItemProxy */ = {
			isa = PBXContainerItemProxy;
			containerPortal = C655CDDD25078960002C552A /* Project object */;
			proxyType = 1;
			remoteGlobalIDString = C655CDE425078961002C552A;
			remoteInfo = AutoLayoutDemo;
		};
/* End PBXContainerItemProxy section */

/* Begin PBXFileReference section */
		C655CDE525078961002C552A /* AutoLayoutDemo.app */ = {isa = PBXFileReference; explicitFileType = wrapper.application; includeInIndex = 0; path = AutoLayoutDemo.app; sourceTree = BUILT_PRODUCTS_DIR; };
		C655CDE825078961002C552A /* AppDelegate.swift */ = {isa = PBXFileReference; lastKnownFileType = sourcecode.swift; path = AppDelegate.swift; sourceTree = "<group>"; };
		C655CDEA25078961002C552A /* SceneDelegate.swift */ = {isa = PBXFileReference; lastKnownFileType = sourcecode.swift; path = SceneDelegate.swift; sourceTree = "<group>"; };
		C655CDEC25078961002C552A /* ViewController.swift */ = {isa = PBXFileReference; lastKnownFileType = sourcecode.swift; path = ViewController.swift; sourceTree = "<group>"; };
		C655CDEF25078961002C552A /* Base */ = {isa = PBXFileReference; lastKnownFileType = file.storyboard; name = Base; path = Base.lproj/Main.storyboard; sourceTree = "<group>"; };
		C655CDF125078967002C552A /* Assets.xcassets */ = {isa = PBXFileReference; lastKnownFileType = folder.assetcatalog; path = Assets.xcassets; sourceTree = "<group>"; };
		C655CDF425078967002C552A /* Base */ = {isa = PBXFileReference; lastKnownFileType = file.storyboard; name = Base; path = Base.lproj/LaunchScreen.storyboard; sourceTree = "<group>"; };
		C655CDF625078967002C552A /* Info.plist */ = {isa = PBXFileReference; lastKnownFileType = text.plist.xml; path = Info.plist; sourceTree = "<group>"; };
		C655CDFB25078968002C552A /* AutoLayoutDemoTests.xctest */ = {isa = PBXFileReference; explicitFileType = wrapper.cfbundle; includeInIndex = 0; path = AutoLayoutDemoTests.xctest; sourceTree = BUILT_PRODUCTS_DIR; };
		C655CDFF25078968002C552A /* AutoLayoutDemoTests.swift */ = {isa = PBXFileReference; lastKnownFileType = sourcecode.swift; path = AutoLayoutDemoTests.swift; sourceTree = "<group>"; };
		C655CE0125078968002C552A /* Info.plist */ = {isa = PBXFileReference; lastKnownFileType = text.plist.xml; path = Info.plist; sourceTree = "<group>"; };
		C655CE0625078968002C552A /* AutoLayoutDemoUITests.xctest */ = {isa = PBXFileReference; explicitFileType = wrapper.cfbundle; includeInIndex = 0; path = AutoLayoutDemoUITests.xctest; sourceTree = BUILT_PRODUCTS_DIR; };
		C655CE0A25078968002C552A /* AutoLayoutDemoUITests.swift */ = {isa = PBXFileReference; lastKnownFileType = sourcecode.swift; path = AutoLayoutDemoUITests.swift; sourceTree = "<group>"; };
		C655CE0C25078968002C552A /* Info.plist */ = {isa = PBXFileReference; lastKnownFileType = text.plist.xml; path = Info.plist; sourceTree = "<group>"; };
/* End PBXFileReference section */

/* Begin PBXFrameworksBuildPhase section */
		C655CDE225078961002C552A /* Frameworks */ = {
			isa = PBXFrameworksBuildPhase;
			buildActionMask = 2147483647;
			files = (
			);
			runOnlyForDeploymentPostprocessing = 0;
		};
		C655CDF825078968002C552A /* Frameworks */ = {
			isa = PBXFrameworksBuildPhase;
			buildActionMask = 2147483647;
			files = (
			);
			runOnlyForDeploymentPostprocessing = 0;
		};
		C655CE0325078968002C552A /* Frameworks */ = {
			isa = PBXFrameworksBuildPhase;
			buildActionMask = 2147483647;
			files = (
			);
			runOnlyForDeploymentPostprocessing = 0;
		};
/* End PBXFrameworksBuildPhase section */

/* Begin PBXGroup section */
		C655CDDC25078960002C552A = {
			isa = PBXGroup;
			children = (
				C655CDE725078961002C552A /* AutoLayoutDemo */,
				C655CDFE25078968002C552A /* AutoLayoutDemoTests */,
				C655CE0925078968002C552A /* AutoLayoutDemoUITests */,
				C655CDE625078961002C552A /* Products */,
			);
			sourceTree = "<group>";
		};
		C655CDE625078961002C552A /* Products */ = {
			isa = PBXGroup;
			children = (
				C655CDE525078961002C552A /* AutoLayoutDemo.app */,
				C655CDFB25078968002C552A /* AutoLayoutDemoTests.xctest */,
				C655CE0625078968002C552A /* AutoLayoutDemoUITests.xctest */,
			);
			name = Products;
			sourceTree = "<group>";
		};
		C655CDE725078961002C552A /* AutoLayoutDemo */ = {
			isa = PBXGroup;
			children = (
				C655CDE825078961002C552A /* AppDelegate.swift */,
				C655CDEA25078961002C552A /* SceneDelegate.swift */,
				C655CDEC25078961002C552A /* ViewController.swift */,
				C655CDEE25078961002C552A /* Main.storyboard */,
				C655CDF125078967002C552A /* Assets.xcassets */,
				C655CDF325078967002C552A /* LaunchScreen.storyboard */,
				C655CDF625078967002C552A /* Info.plist */,
			);
			path = AutoLayoutDemo;
			sourceTree = "<group>";
		};
		C655CDFE25078968002C552A /* AutoLayoutDemoTests */ = {
			isa = PBXGroup;
			children = (
				C655CDFF25078968002C552A /* AutoLayoutDemoTests.swift */,
				C655CE0125078968002C552A /* Info.plist */,
			);
			path = AutoLayoutDemoTests;
			sourceTree = "<group>";
		};
		C655CE0925078968002C552A /* AutoLayoutDemoUITests */ = {
			isa = PBXGroup;
			children = (
				C655CE0A25078968002C552A /* AutoLayoutDemoUITests.swift */,
				C655CE0C25078968002C552A /* Info.plist */,
			);
			path = AutoLayoutDemoUITests;
			sourceTree = "<group>";
		};
/* End PBXGroup section */

/* Begin PBXNativeTarget section */
		C655CDE425078961002C552A /* AutoLayoutDemo */ = {
			isa = PBXNativeTarget;
			buildConfigurationList = C655CE0F25078968002C552A /* Build configuration list for PBXNativeTarget "AutoLayoutDemo" */;
			buildPhases = (
				C655CDE125078961002C552A /* Sources */,
				C655CDE225078961002C552A /* Frameworks */,
				C655CDE325078961002C552A /* Resources */,
			);
			buildRules = (
			);
			dependencies = (
			);
			name = AutoLayoutDemo;
			productName = AutoLayoutDemo;
			productReference = C655CDE525078961002C552A /* AutoLayoutDemo.app */;
			productType = "com.apple.product-type.application";
		};
		C655CDFA25078968002C552A /* AutoLayoutDemoTests */ = {
			isa = PBXNativeTarget;
			buildConfigurationList = C655CE1225078968002C552A /* Build configuration list for PBXNativeTarget "AutoLayoutDemoTests" */;
			buildPhases = (
				C655CDF725078968002C552A /* Sources */,
				C655CDF825078968002C552A /* Frameworks */,
				C655CDF925078968002C552A /* Resources */,
			);
			buildRules = (
			);
			dependencies = (
				C655CDFD25078968002C552A /* PBXTargetDependency */,
			);
			name = AutoLayoutDemoTests;
			productName = AutoLayoutDemoTests;
			productReference = C655CDFB25078968002C552A /* AutoLayoutDemoTests.xctest */;
			productType = "com.apple.product-type.bundle.unit-test";
		};
		C655CE0525078968002C552A /* AutoLayoutDemoUITests */ = {
			isa = PBXNativeTarget;
			buildConfigurationList = C655CE1525078968002C552A /* Build configuration list for PBXNativeTarget "AutoLayoutDemoUITests" */;
			buildPhases = (
				C655CE0225078968002C552A /* Sources */,
				C655CE0325078968002C552A /* Frameworks */,
				C655CE0425078968002C552A /* Resources */,
			);
			buildRules = (
			);
			dependencies = (
				C655CE0825078968002C552A /* PBXTargetDependency */,
			);
			name = AutoLayoutDemoUITests;
			productName = AutoLayoutDemoUITests;
			productReference = C655CE0625078968002C552A /* AutoLayoutDemoUITests.xctest */;
			productType = "com.apple.product-type.bundle.ui-testing";
		};
/* End PBXNativeTarget section */

/* Begin PBXProject section */
		C655CDDD25078960002C552A /* Project object */ = {
			isa = PBXProject;
			attributes = {
				LastSwiftUpdateCheck = 1160;
				LastUpgradeCheck = 1160;
				ORGANIZATIONNAME = Julius;
				TargetAttributes = {
					C655CDE425078961002C552A = {
						CreatedOnToolsVersion = 11.6;
					};
					C655CDFA25078968002C552A = {
						CreatedOnToolsVersion = 11.6;
						TestTargetID = C655CDE425078961002C552A;
					};
					C655CE0525078968002C552A = {
						CreatedOnToolsVersion = 11.6;
						TestTargetID = C655CDE425078961002C552A;
					};
				};
			};
			buildConfigurationList = C655CDE025078960002C552A /* Build configuration list for PBXProject "AutoLayoutDemo" */;
			compatibilityVersion = "Xcode 9.3";
			developmentRegion = en;
			hasScannedForEncodings = 0;
			knownRegions = (
				en,
				Base,
			);
			mainGroup = C655CDDC25078960002C552A;
			productRefGroup = C655CDE625078961002C552A /* Products */;
			projectDirPath = "";
			projectRoot = "";
			targets = (
				C655CDE425078961002C552A /* AutoLayoutDemo */,
				C655CDFA25078968002C552A /* AutoLayoutDemoTests */,
				C655CE0525078968002C552A /* AutoLayoutDemoUITests */,
			);
		};
/* End PBXProject section */

/* Begin PBXResourcesBuildPhase section */
		C655CDE325078961002C552A /* Resources */ = {
			isa = PBXResourcesBuildPhase;
			buildActionMask = 2147483647;
			files = (
				C655CDF525078967002C552A /* LaunchScreen.storyboard in Resources */,
				C655CDF225078967002C552A /* Assets.xcassets in Resources */,
				C655CDF025078961002C552A /* Main.storyboard in Resources */,
			);
			runOnlyForDeploymentPostprocessing = 0;
		};
		C655CDF925078968002C552A /* Resources */ = {
			isa = PBXResourcesBuildPhase;
			buildActionMask = 2147483647;
			files = (
			);
			runOnlyForDeploymentPostprocessing = 0;
		};
		C655CE0425078968002C552A /* Resources */ = {
			isa = PBXResourcesBuildPhase;
			buildActionMask = 2147483647;
			files = (
			);
			runOnlyForDeploymentPostprocessing = 0;
		};
/* End PBXResourcesBuildPhase section */

/* Begin PBXSourcesBuildPhase section */
		C655CDE125078961002C552A /* Sources */ = {
			isa = PBXSourcesBuildPhase;
			buildActionMask = 2147483647;
			files = (
				C655CDED25078961002C552A /* ViewController.swift in Sources */,
				C655CDE925078961002C552A /* AppDelegate.swift in Sources */,
				C655CDEB25078961002C552A /* SceneDelegate.swift in Sources */,
			);
			runOnlyForDeploymentPostprocessing = 0;
		};
		C655CDF725078968002C552A /* Sources */ = {
			isa = PBXSourcesBuildPhase;
			buildActionMask = 2147483647;
			files = (
				C655CE0025078968002C552A /* AutoLayoutDemoTests.swift in Sources */,
			);
			runOnlyForDeploymentPostprocessing = 0;
		};
		C655CE0225078968002C552A /* Sources */ = {
			isa = PBXSourcesBuildPhase;
			buildActionMask = 2147483647;
			files = (
				C655CE0B25078968002C552A /* AutoLayoutDemoUITests.swift in Sources */,
			);
			runOnlyForDeploymentPostprocessing = 0;
		};
/* End PBXSourcesBuildPhase section */

/* Begin PBXTargetDependency section */
		C655CDFD25078968002C552A /* PBXTargetDependency */ = {
			isa = PBXTargetDependency;
			target = C655CDE425078961002C552A /* AutoLayoutDemo */;
			targetProxy = C655CDFC25078968002C552A /* PBXContainerItemProxy */;
		};
		C655CE0825078968002C552A /* PBXTargetDependency */ = {
			isa = PBXTargetDependency;
			target = C655CDE425078961002C552A /* AutoLayoutDemo */;
			targetProxy = C655CE0725078968002C552A /* PBXContainerItemProxy */;
		};
/* End PBXTargetDependency section */

/* Begin PBXVariantGroup section */
		C655CDEE25078961002C552A /* Main.storyboard */ = {
			isa = PBXVariantGroup;
			children = (
				C655CDEF25078961002C552A /* Base */,
			);
			name = Main.storyboard;
			sourceTree = "<group>";
		};
		C655CDF325078967002C552A /* LaunchScreen.storyboard */ = {
			isa = PBXVariantGroup;
			children = (
				C655CDF425078967002C552A /* Base */,
			);
			name = LaunchScreen.storyboard;
			sourceTree = "<group>";
		};
/* End PBXVariantGroup section */

/* Begin XCBuildConfiguration section */
		C655CE0D25078968002C552A /* Debug */ = {
			isa = XCBuildConfiguration;
			buildSettings = {
				ALWAYS_SEARCH_USER_PATHS = NO;
				CLANG_ANALYZER_NONNULL = YES;
				CLANG_ANALYZER_NUMBER_OBJECT_CONVERSION = YES_AGGRESSIVE;
				CLANG_CXX_LANGUAGE_STANDARD = "gnu++14";
				CLANG_CXX_LIBRARY = "libc++";
				CLANG_ENABLE_MODULES = YES;
				CLANG_ENABLE_OBJC_ARC = YES;
				CLANG_ENABLE_OBJC_WEAK = YES;
				CLANG_WARN_BLOCK_CAPTURE_AUTORELEASING = YES;
				CLANG_WARN_BOOL_CONVERSION = YES;
				CLANG_WARN_COMMA = YES;
				CLANG_WARN_CONSTANT_CONVERSION = YES;
				CLANG_WARN_DEPRECATED_OBJC_IMPLEMENTATIONS = YES;
				CLANG_WARN_DIRECT_OBJC_ISA_USAGE = YES_ERROR;
				CLANG_WARN_DOCUMENTATION_COMMENTS = YES;
				CLANG_WARN_EMPTY_BODY = YES;
				CLANG_WARN_ENUM_CONVERSION = YES;
				CLANG_WARN_INFINITE_RECURSION = YES;
				CLANG_WARN_INT_CONVERSION = YES;
				CLANG_WARN_NON_LITERAL_NULL_CONVERSION = YES;
				CLANG_WARN_OBJC_IMPLICIT_RETAIN_SELF = YES;
				CLANG_WARN_OBJC_LITERAL_CONVERSION = YES;
				CLANG_WARN_OBJC_ROOT_CLASS = YES_ERROR;
				CLANG_WARN_RANGE_LOOP_ANALYSIS = YES;
				CLANG_WARN_STRICT_PROTOTYPES = YES;
				CLANG_WARN_SUSPICIOUS_MOVE = YES;
				CLANG_WARN_UNGUARDED_AVAILABILITY = YES_AGGRESSIVE;
				CLANG_WARN_UNREACHABLE_CODE = YES;
				CLANG_WARN__DUPLICATE_METHOD_MATCH = YES;
				COPY_PHASE_STRIP = NO;
				DEBUG_INFORMATION_FORMAT = dwarf;
				ENABLE_STRICT_OBJC_MSGSEND = YES;
				ENABLE_TESTABILITY = YES;
				GCC_C_LANGUAGE_STANDARD = gnu11;
				GCC_DYNAMIC_NO_PIC = NO;
				GCC_NO_COMMON_BLOCKS = YES;
				GCC_OPTIMIZATION_LEVEL = 0;
				GCC_PREPROCESSOR_DEFINITIONS = (
					"DEBUG=1",
					"$(inherited)",
				);
				GCC_WARN_64_TO_32_BIT_CONVERSION = YES;
				GCC_WARN_ABOUT_RETURN_TYPE = YES_ERROR;
				GCC_WARN_UNDECLARED_SELECTOR = YES;
				GCC_WARN_UNINITIALIZED_AUTOS = YES_AGGRESSIVE;
				GCC_WARN_UNUSED_FUNCTION = YES;
				GCC_WARN_UNUSED_VARIABLE = YES;
				IPHONEOS_DEPLOYMENT_TARGET = 13.6;
				MTL_ENABLE_DEBUG_INFO = INCLUDE_SOURCE;
				MTL_FAST_MATH = YES;
				ONLY_ACTIVE_ARCH = YES;
				SDKROOT = iphoneos;
				SWIFT_ACTIVE_COMPILATION_CONDITIONS = DEBUG;
				SWIFT_OPTIMIZATION_LEVEL = "-Onone";
			};
			name = Debug;
		};
		C655CE0E25078968002C552A /* Release */ = {
			isa = XCBuildConfiguration;
			buildSettings = {
				ALWAYS_SEARCH_USER_PATHS = NO;
				CLANG_ANALYZER_NONNULL = YES;
				CLANG_ANALYZER_NUMBER_OBJECT_CONVERSION = YES_AGGRESSIVE;
				CLANG_CXX_LANGUAGE_STANDARD = "gnu++14";
				CLANG_CXX_LIBRARY = "libc++";
				CLANG_ENABLE_MODULES = YES;
				CLANG_ENABLE_OBJC_ARC = YES;
				CLANG_ENABLE_OBJC_WEAK = YES;
				CLANG_WARN_BLOCK_CAPTURE_AUTORELEASING = YES;
				CLANG_WARN_BOOL_CONVERSION = YES;
				CLANG_WARN_COMMA = YES;
				CLANG_WARN_CONSTANT_CONVERSION = YES;
				CLANG_WARN_DEPRECATED_OBJC_IMPLEMENTATIONS = YES;
				CLANG_WARN_DIRECT_OBJC_ISA_USAGE = YES_ERROR;
				CLANG_WARN_DOCUMENTATION_COMMENTS = YES;
				CLANG_WARN_EMPTY_BODY = YES;
				CLANG_WARN_ENUM_CONVERSION = YES;
				CLANG_WARN_INFINITE_RECURSION = YES;
				CLANG_WARN_INT_CONVERSION = YES;
				CLANG_WARN_NON_LITERAL_NULL_CONVERSION = YES;
				CLANG_WARN_OBJC_IMPLICIT_RETAIN_SELF = YES;
				CLANG_WARN_OBJC_LITERAL_CONVERSION = YES;
				CLANG_WARN_OBJC_ROOT_CLASS = YES_ERROR;
				CLANG_WARN_RANGE_LOOP_ANALYSIS = YES;
				CLANG_WARN_STRICT_PROTOTYPES = YES;
				CLANG_WARN_SUSPICIOUS_MOVE = YES;
				CLANG_WARN_UNGUARDED_AVAILABILITY = YES_AGGRESSIVE;
				CLANG_WARN_UNREACHABLE_CODE = YES;
				CLANG_WARN__DUPLICATE_METHOD_MATCH = YES;
				COPY_PHASE_STRIP = NO;
				DEBUG_INFORMATION_FORMAT = "dwarf-with-dsym";
				ENABLE_NS_ASSERTIONS = NO;
				ENABLE_STRICT_OBJC_MSGSEND = YES;
				GCC_C_LANGUAGE_STANDARD = gnu11;
				GCC_NO_COMMON_BLOCKS = YES;
				GCC_WARN_64_TO_32_BIT_CONVERSION = YES;
				GCC_WARN_ABOUT_RETURN_TYPE = YES_ERROR;
				GCC_WARN_UNDECLARED_SELECTOR = YES;
				GCC_WARN_UNINITIALIZED_AUTOS = YES_AGGRESSIVE;
				GCC_WARN_UNUSED_FUNCTION = YES;
				GCC_WARN_UNUSED_VARIABLE = YES;
				IPHONEOS_DEPLOYMENT_TARGET = 13.6;
				MTL_ENABLE_DEBUG_INFO = NO;
				MTL_FAST_MATH = YES;
				SDKROOT = iphoneos;
				SWIFT_COMPILATION_MODE = wholemodule;
				SWIFT_OPTIMIZATION_LEVEL = "-O";
				VALIDATE_PRODUCT = YES;
			};
			name = Release;
		};
		C655CE1025078968002C552A /* Debug */ = {
			isa = XCBuildConfiguration;
			buildSettings = {
				ASSETCATALOG_COMPILER_APPICON_NAME = AppIcon;
				CODE_SIGN_STYLE = Automatic;
				DEVELOPMENT_TEAM = DR7JKZZ273;
				INFOPLIST_FILE = AutoLayoutDemo/Info.plist;
				LD_RUNPATH_SEARCH_PATHS = (
					"$(inherited)",
					"@executable_path/Frameworks",
				);
				PRODUCT_BUNDLE_IDENTIFIER = gtsofa.com.AutoLayoutDemo;
				PRODUCT_NAME = "$(TARGET_NAME)";
				SWIFT_VERSION = 5.0;
				TARGETED_DEVICE_FAMILY = "1,2";
			};
			name = Debug;
		};
		C655CE1125078968002C552A /* Release */ = {
			isa = XCBuildConfiguration;
			buildSettings = {
				ASSETCATALOG_COMPILER_APPICON_NAME = AppIcon;
				CODE_SIGN_STYLE = Automatic;
				DEVELOPMENT_TEAM = DR7JKZZ273;
				INFOPLIST_FILE = AutoLayoutDemo/Info.plist;
				LD_RUNPATH_SEARCH_PATHS = (
					"$(inherited)",
					"@executable_path/Frameworks",
				);
				PRODUCT_BUNDLE_IDENTIFIER = gtsofa.com.AutoLayoutDemo;
				PRODUCT_NAME = "$(TARGET_NAME)";
				SWIFT_VERSION = 5.0;
				TARGETED_DEVICE_FAMILY = "1,2";
			};
			name = Release;
		};
		C655CE1325078968002C552A /* Debug */ = {
			isa = XCBuildConfiguration;
			buildSettings = {
				ALWAYS_EMBED_SWIFT_STANDARD_LIBRARIES = YES;
				BUNDLE_LOADER = "$(TEST_HOST)";
				CODE_SIGN_STYLE = Automatic;
				DEVELOPMENT_TEAM = DR7JKZZ273;
				INFOPLIST_FILE = AutoLayoutDemoTests/Info.plist;
				IPHONEOS_DEPLOYMENT_TARGET = 13.6;
				LD_RUNPATH_SEARCH_PATHS = (
					"$(inherited)",
					"@executable_path/Frameworks",
					"@loader_path/Frameworks",
				);
				PRODUCT_BUNDLE_IDENTIFIER = gtsofa.com.AutoLayoutDemoTests;
				PRODUCT_NAME = "$(TARGET_NAME)";
				SWIFT_VERSION = 5.0;
				TARGETED_DEVICE_FAMILY = "1,2";
				TEST_HOST = "$(BUILT_PRODUCTS_DIR)/AutoLayoutDemo.app/AutoLayoutDemo";
			};
			name = Debug;
		};
		C655CE1425078968002C552A /* Release */ = {
			isa = XCBuildConfiguration;
			buildSettings = {
				ALWAYS_EMBED_SWIFT_STANDARD_LIBRARIES = YES;
				BUNDLE_LOADER = "$(TEST_HOST)";
				CODE_SIGN_STYLE = Automatic;
				DEVELOPMENT_TEAM = DR7JKZZ273;
				INFOPLIST_FILE = AutoLayoutDemoTests/Info.plist;
				IPHONEOS_DEPLOYMENT_TARGET = 13.6;
				LD_RUNPATH_SEARCH_PATHS = (
					"$(inherited)",
					"@executable_path/Frameworks",
					"@loader_path/Frameworks",
				);
				PRODUCT_BUNDLE_IDENTIFIER = gtsofa.com.AutoLayoutDemoTests;
				PRODUCT_NAME = "$(TARGET_NAME)";
				SWIFT_VERSION = 5.0;
				TARGETED_DEVICE_FAMILY = "1,2";
				TEST_HOST = "$(BUILT_PRODUCTS_DIR)/AutoLayoutDemo.app/AutoLayoutDemo";
			};
			name = Release;
		};
		C655CE1625078968002C552A /* Debug */ = {
			isa = XCBuildConfiguration;
			buildSettings = {
				ALWAYS_EMBED_SWIFT_STANDARD_LIBRARIES = YES;
				CODE_SIGN_STYLE = Automatic;
				DEVELOPMENT_TEAM = DR7JKZZ273;
				INFOPLIST_FILE = AutoLayoutDemoUITests/Info.plist;
				LD_RUNPATH_SEARCH_PATHS = (
					"$(inherited)",
					"@executable_path/Frameworks",
					"@loader_path/Frameworks",
				);
				PRODUCT_BUNDLE_IDENTIFIER = gtsofa.com.AutoLayoutDemoUITests;
				PRODUCT_NAME = "$(TARGET_NAME)";
				SWIFT_VERSION = 5.0;
				TARGETED_DEVICE_FAMILY = "1,2";
				TEST_TARGET_NAME = AutoLayoutDemo;
			};
			name = Debug;
		};
		C655CE1725078968002C552A /* Release */ = {
			isa = XCBuildConfiguration;
			buildSettings = {
				ALWAYS_EMBED_SWIFT_STANDARD_LIBRARIES = YES;
				CODE_SIGN_STYLE = Automatic;
				DEVELOPMENT_TEAM = DR7JKZZ273;
				INFOPLIST_FILE = AutoLayoutDemoUITests/Info.plist;
				LD_RUNPATH_SEARCH_PATHS = (
					"$(inherited)",
					"@executable_path/Frameworks",
					"@loader_path/Frameworks",
				);
				PRODUCT_BUNDLE_IDENTIFIER = gtsofa.com.AutoLayoutDemoUITests;
				PRODUCT_NAME = "$(TARGET_NAME)";
				SWIFT_VERSION = 5.0;
				TARGETED_DEVICE_FAMILY = "1,2";
				TEST_TARGET_NAME = AutoLayoutDemo;
			};
			name = Release;
		};
/* End XCBuildConfiguration section */

/* Begin XCConfigurationList section */
		C655CDE025078960002C552A /* Build configuration list for PBXProject "AutoLayoutDemo" */ = {
			isa = XCConfigurationList;
			buildConfigurations = (
				C655CE0D25078968002C552A /* Debug */,
				C655CE0E25078968002C552A /* Release */,
			);
			defaultConfigurationIsVisible = 0;
			defaultConfigurationName = Release;
		};
		C655CE0F25078968002C552A /* Build configuration list for PBXNativeTarget "AutoLayoutDemo" */ = {
			isa = XCConfigurationList;
			buildConfigurations = (
				C655CE1025078968002C552A /* Debug */,
				C655CE1125078968002C552A /* Release */,
			);
			defaultConfigurationIsVisible = 0;
			defaultConfigurationName = Release;
		};
		C655CE1225078968002C552A /* Build configuration list for PBXNativeTarget "AutoLayoutDemoTests" */ = {
			isa = XCConfigurationList;
			buildConfigurations = (
				C655CE1325078968002C552A /* Debug */,
				C655CE1425078968002C552A /* Release */,
			);
			defaultConfigurationIsVisible = 0;
			defaultConfigurationName = Release;
		};
		C655CE1525078968002C552A /* Build configuration list for PBXNativeTarget "AutoLayoutDemoUITests" */ = {
			isa = XCConfigurationList;
			buildConfigurations = (
				C655CE1625078968002C552A /* Debug */,
				C655CE1725078968002C552A /* Release */,
			);
			defaultConfigurationIsVisible = 0;
			defaultConfigurationName = Release;
		};
/* End XCConfigurationList section */
	};
	rootObject = C655CDDD25078960002C552A /* Project object */;
}
